
Microsoft Visual Studio Solution File, Format Version 12.00
# Visual Studio Version 16
VisualStudioVersion = 16.0.29519.87
MinimumVisualStudioVersion = 10.0.40219.1
Project("{FAE04EC0-301F-11D3-BF4B-00C04F79EFBC}") = "Loja.UI", "Loja.UI.csproj", "{7024C446-F369-4251-9B83-BAEB7BAE74F2}"
EndProject
Project("{FAE04EC0-301F-11D3-BF4B-00C04F79EFBC}") = "Loja.BLL", "..\Loja.BLL\Loja.BLL.csproj", "{AE14F7B3-7EDB-49E2-A343-C6117016D1F7}"
EndProject
Project("{FAE04EC0-301F-11D3-BF4B-00C04F79EFBC}") = "Loja.DTO", "..\Loja.DTO\Loja.DTO.csproj", "{CB03BAFC-20E6-4EA9-9D38-04353BFB2288}"
EndProject
Project("{FAE04EC0-301F-11D3-BF4B-00C04F79EFBC}") = "Loja.DAL", "..\Loja.DAL\Loja.DAL.csproj", "{5242C0A1-611C-4977-8FC7-760B00AA7F4F}"
EndProject
Global
	GlobalSection(SolutionConfigurationPlatforms) = preSolution
		Debug|Any CPU = Debug|Any CPU
		Release|Any CPU = Release|Any CPU
	EndGlobalSection
	GlobalSection(ProjectConfigurationPlatforms) = postSolution
		{7024C446-F369-4251-9B83-BAEB7BAE74F2}.Debug|Any CPU.ActiveCfg = Debug|Any CPU
		{7024C446-F369-4251-9B83-BAEB7BAE74F2}.Debug|Any CPU.Build.0 = Debug|Any CPU
		{7024C446-F369-4251-9B83-BAEB7BAE74F2}.Release|Any CPU.ActiveCfg = Release|Any CPU
		{7024C446-F369-4251-9B83-BAEB7BAE74F2}.Release|Any CPU.Build.0 = Release|Any CPU
		{AE14F7B3-7EDB-49E2-A343-C6117016D1F7}.Debug|Any CPU.ActiveCfg = Debug|Any CPU
		{AE14F7B3-7EDB-49E2-A343-C6117016D1F7}.Debug|Any CPU.Build.0 = Debug|Any CPU
		{AE14F7B3-7EDB-49E2-A343-C6117016D1F7}.Release|Any CPU.ActiveCfg = Release|Any CPU
		{AE14F7B3-7EDB-49E2-A343-C6117016D1F7}.Release|Any CPU.Build.0 = Release|Any CPU
		{CB03BAFC-20E6-4EA9-9D38-04353BFB2288}.Debug|Any CPU.ActiveCfg = Debug|Any CPU
		{CB03BAFC-20E6-4EA9-9D38-04353BFB2288}.Debug|Any CPU.Build.0 = Debug|Any CPU
		{CB03BAFC-20E6-4EA9-9D38-04353BFB2288}.Release|Any CPU.ActiveCfg = Release|Any CPU
		{CB03BAFC-20E6-4EA9-9D38-04353BFB2288}.Release|Any CPU.Build.0 = Release|Any CPU
		{5242C0A1-611C-4977-8FC7-760B00AA7F4F}.Debug|Any CPU.ActiveCfg = Debug|Any CPU
		{5242C0A1-611C-4977-8FC7-760B00AA7F4F}.Debug|Any CPU.Build.0 = Debug|Any CPU
		{5242C0A1-611C-4977-8FC7-760B00AA7F4F}.Release|Any CPU.ActiveCfg = Release|Any CPU
		{5242C0A1-611C-4977-8FC7-760B00AA7F4F}.Release|Any CPU.Build.0 = Release|Any CPU
	EndGlobalSection
	GlobalSection(SolutionProperties) = preSolution
		HideSolutionNode = FALSE
	EndGlobalSection
	GlobalSection(ExtensibilityGlobals) = postSolution
		SolutionGuid = {51C0B3F0-3C4B-40DB-B54C-3E2274C714F6}
	EndGlobalSection
EndGlobal
